github.com/Jguer/go-alpm/v2 v2.0.6 h1:VLavW5qFk/TJRHT3Gg7ClDukU4MNWdfkWM9yLxVkYyQ=
github.com/Jguer/go-alpm/v2 v2.0.6/go.mod h1:zU4iKCtNkDARfj5BrKJXYAQ5nIjtZbySfa0paboSmTQ=
github.com/Morganamilo/go-srcinfo v1.0.0 h1:Wh4nEF+HJWo+29hnxM18Q2hi+DUf0GejS13+Wg+dzmI=
github.com/Morganamilo/go-srcinfo v1.0.0/go.mod h1:MP6VGY1NNpVUmYIEgoM9acix95KQqIRyqQ0hCLsyYUY=
github.com/ericm/goncurses v0.0.0-20190629180204-4f42246a7bb5 h1:TNpsJrZRB/5UViNvbgQRSaZLgUCqihD4sAP5X+Qk3q8=
github.com/ericm/goncurses v0.0.0-20190629180204-4f42246a7bb5/go.mod h1:DDGv/95q0TCSm9W20tOApbkDVXJdEpleHi5YjNxp8oc=
github.com/mikkeloscar/aur v0.0.0-20190424180024-f956f121b3fa h1:ZP2gNB0Q9e5yGc5/zmEWpcKxzEnJ+dnYsxhtYVQqORI=
github.com/mikkeloscar/aur v0.0.0-20190424180024-f956f121b3fa/go.mod h1:n1NKHoldRNhIEufSx1PiDYcd2W+wpbz5/5K+p2eNDVk=
